{
  "originHash" : "0d8c0e17625337e258996d4669411c461dcef6cb3a56982315ecabdbcf9ab434",
  "pins" : [
    {
      "identity" : "unico-check-ios",
      "kind" : "remoteSourceControl",
      "location" : "https://github.com/acesso-io/unico-check-ios.git",
      "state" : {
        "revision" : "795d66c1d45581d188b39ad01f702da365cdaeec",
        "version" : "2.20.1"
      }
    }
  ],
  "version" : 3
}
