// !$*UTF8*$!
{
	archiveVersion = 1;
	classes = {
	};
	objectVersion = 46;
	objects = {

/* Begin PBXBuildFile section */
		0EB5EE252CB6A9BF00A5058C /* DataParser.swift in Sources */ = {isa = PBXBuildFile; fileRef = 0EB5EE062CB6A9BF00A5058C /* DataParser.swift */; };
		0EB5EE262CB6A9BF00A5058C /* Worker.swift in Sources */ = {isa = PBXBuildFile; fileRef = 0EB5EE182CB6A9BF00A5058C /* Worker.swift */; };
		0EB5EE272CB6A9BF00A5058C /* MainButton.swift in Sources */ = {isa = PBXBuildFile; fileRef = 0EB5EE122CB6A9BF00A5058C /* MainButton.swift */; };
		0EB5EE282CB6A9BF00A5058C /* ObjectReturnModel.swift in Sources */ = {isa = PBXBuildFile; fileRef = 0EB5EE002CB6A9BF00A5058C /* ObjectReturnModel.swift */; };
		0EB5EE292CB6A9BF00A5058C /* LivenessModel.swift in Sources */ = {isa = PBXBuildFile; fileRef = 0EB5EDFE2CB6A9BF00A5058C /* LivenessModel.swift */; };
		0EB5EE2A2CB6A9BF00A5058C /* LoginModel.swift in Sources */ = {isa = PBXBuildFile; fileRef = 0EB5EE1A2CB6A9BF00A5058C /* LoginModel.swift */; };
		0EB5EE2B2CB6A9BF00A5058C /* LoginViewController.swift in Sources */ = {isa = PBXBuildFile; fileRef = 0EB5EE1C2CB6A9BF00A5058C /* LoginViewController.swift */; };
		0EB5EE2C2CB6A9BF00A5058C /* StatusViewModel.swift in Sources */ = {isa = PBXBuildFile; fileRef = 0EB5EE222CB6A9BF00A5058C /* StatusViewModel.swift */; };
		0EB5EE2D2CB6A9BF00A5058C /* DescriptionLabel.swift in Sources */ = {isa = PBXBuildFile; fileRef = 0EB5EE112CB6A9BF00A5058C /* DescriptionLabel.swift */; };
		0EB5EE2E2CB6A9BF00A5058C /* StatusView.swift in Sources */ = {isa = PBXBuildFile; fileRef = 0EB5EE202CB6A9BF00A5058C /* StatusView.swift */; };
		0EB5EE2F2CB6A9BF00A5058C /* LoginView.swift in Sources */ = {isa = PBXBuildFile; fileRef = 0EB5EE1B2CB6A9BF00A5058C /* LoginView.swift */; };
		0EB5EE302CB6A9BF00A5058C /* TransactionModel.swift in Sources */ = {isa = PBXBuildFile; fileRef = 0EB5EE042CB6A9BF00A5058C /* TransactionModel.swift */; };
		0EB5EE312CB6A9BF00A5058C /* SessionIDModel.swift in Sources */ = {isa = PBXBuildFile; fileRef = 0EB5EE022CB6A9BF00A5058C /* SessionIDModel.swift */; };
		0EB5EE322CB6A9BF00A5058C /* ServerError.swift in Sources */ = {isa = PBXBuildFile; fileRef = 0EB5EE0C2CB6A9BF00A5058C /* ServerError.swift */; };
		0EB5EE332CB6A9BF00A5058C /* StatusModel.swift in Sources */ = {isa = PBXBuildFile; fileRef = 0EB5EE1F2CB6A9BF00A5058C /* StatusModel.swift */; };
		0EB5EE342CB6A9BF00A5058C /* ErrorModel.swift in Sources */ = {isa = PBXBuildFile; fileRef = 0EB5EDFC2CB6A9BF00A5058C /* ErrorModel.swift */; };
		0EB5EE352CB6A9BF00A5058C /* LoginViewModel.swift in Sources */ = {isa = PBXBuildFile; fileRef = 0EB5EE1D2CB6A9BF00A5058C /* LoginViewModel.swift */; };
		0EB5EE362CB6A9BF00A5058C /* FaceTecDataModel.swift in Sources */ = {isa = PBXBuildFile; fileRef = 0EB5EDFD2CB6A9BF00A5058C /* FaceTecDataModel.swift */; };
		0EB5EE372CB6A9BF00A5058C /* Router.swift in Sources */ = {isa = PBXBuildFile; fileRef = 0EB5EE172CB6A9BF00A5058C /* Router.swift */; };
		0EB5EE382CB6A9BF00A5058C /* StatusViewController.swift in Sources */ = {isa = PBXBuildFile; fileRef = 0EB5EE212CB6A9BF00A5058C /* StatusViewController.swift */; };
		0EB5EE392CB6A9BF00A5058C /* Result.swift in Sources */ = {isa = PBXBuildFile; fileRef = 0EB5EE0B2CB6A9BF00A5058C /* Result.swift */; };
		0EB5EE3A2CB6A9BF00A5058C /* PhotoFaceRouter.swift in Sources */ = {isa = PBXBuildFile; fileRef = 0EB5EE162CB6A9BF00A5058C /* PhotoFaceRouter.swift */; };
		0EB5EE3B2CB6A9BF00A5058C /* DocumentDataModel.swift in Sources */ = {isa = PBXBuildFile; fileRef = 0EB5EDFB2CB6A9BF00A5058C /* DocumentDataModel.swift */; };
		0EB5EE3C2CB6A9BF00A5058C /* TransactionIDModel.swift in Sources */ = {isa = PBXBuildFile; fileRef = 0EB5EE032CB6A9BF00A5058C /* TransactionIDModel.swift */; };
		0EB5EE3D2CB6A9BF00A5058C /* BaseViewController.swift in Sources */ = {isa = PBXBuildFile; fileRef = 0EB5EE0F2CB6A9BF00A5058C /* BaseViewController.swift */; };
		0EB5EE3E2CB6A9BF00A5058C /* ErrorType.swift in Sources */ = {isa = PBXBuildFile; fileRef = 0EB5EE082CB6A9BF00A5058C /* ErrorType.swift */; };
		0EB5EE3F2CB6A9BF00A5058C /* LocalizableStrings.swift in Sources */ = {isa = PBXBuildFile; fileRef = 0EB5EE152CB6A9BF00A5058C /* LocalizableStrings.swift */; };
		0EB5EE402CB6A9BF00A5058C /* Request.swift in Sources */ = {isa = PBXBuildFile; fileRef = 0EB5EE092CB6A9BF00A5058C /* Request.swift */; };
		0EB5EE412CB6A9BF00A5058C /* MainResponseModel.swift in Sources */ = {isa = PBXBuildFile; fileRef = 0EB5EDFF2CB6A9BF00A5058C /* MainResponseModel.swift */; };
		0EB5EE422CB6A9BF00A5058C /* MainTextInput.swift in Sources */ = {isa = PBXBuildFile; fileRef = 0EB5EE132CB6A9BF00A5058C /* MainTextInput.swift */; };
		0EB5EE432CB6A9BF00A5058C /* ResultModel.swift in Sources */ = {isa = PBXBuildFile; fileRef = 0EB5EE012CB6A9BF00A5058C /* ResultModel.swift */; };
		0EB5EE442CB6A9BF00A5058C /* BaseView.swift in Sources */ = {isa = PBXBuildFile; fileRef = 0EB5EE0E2CB6A9BF00A5058C /* BaseView.swift */; };
		0EB5EE452CB6A9BF00A5058C /* Response.swift in Sources */ = {isa = PBXBuildFile; fileRef = 0EB5EE0A2CB6A9BF00A5058C /* Response.swift */; };
		0EB5EE462CB6A9BF00A5058C /* ErrorResponse.swift in Sources */ = {isa = PBXBuildFile; fileRef = 0EB5EE072CB6A9BF00A5058C /* ErrorResponse.swift */; };
		0EDDAFE42CB6AAA90073D041 /* DocumentBrowserViewController.swift in Sources */ = {isa = PBXBuildFile; fileRef = 0EDDAFE22CB6AAA90073D041 /* DocumentBrowserViewController.swift */; };
		0EDDAFE52CB6AAA90073D041 /* Document.swift in Sources */ = {isa = PBXBuildFile; fileRef = 0EDDAFE12CB6AAA90073D041 /* Document.swift */; };
		0EDDAFE62CB6AAA90073D041 /* DocumentViewController.swift in Sources */ = {isa = PBXBuildFile; fileRef = 0EDDAFE32CB6AAA90073D041 /* DocumentViewController.swift */; };
		607FACD61AFB9204008FA782 /* AppDelegate.swift in Sources */ = {isa = PBXBuildFile; fileRef = 607FACD51AFB9204008FA782 /* AppDelegate.swift */; };
		607FACDB1AFB9204008FA782 /* Main.storyboard in Resources */ = {isa = PBXBuildFile; fileRef = 607FACD91AFB9204008FA782 /* Main.storyboard */; };
		607FACE01AFB9204008FA782 /* LaunchScreen.xib in Resources */ = {isa = PBXBuildFile; fileRef = 607FACDE1AFB9204008FA782 /* LaunchScreen.xib */; };
		607FACEC1AFB9204008FA782 /* Tests.swift in Sources */ = {isa = PBXBuildFile; fileRef = 607FACEB1AFB9204008FA782 /* Tests.swift */; };
		CC6E38D215F4567F0548FDDE /* Pods_PartnerOneSDK_Tests.framework in Frameworks */ = {isa = PBXBuildFile; fileRef = 6293320C3CA60BB2D9C3D45D /* Pods_PartnerOneSDK_Tests.framework */; };
		DDD337FD64C7247494D7736A /* Pods_PartnerOneSDK_Example.framework in Frameworks */ = {isa = PBXBuildFile; fileRef = EBECA43F87C92866954735CA /* Pods_PartnerOneSDK_Example.framework */; };
/* End PBXBuildFile section */

/* Begin PBXContainerItemProxy section */
		607FACE61AFB9204008FA782 /* PBXContainerItemProxy */ = {
			isa = PBXContainerItemProxy;
			containerPortal = 607FACC81AFB9204008FA782 /* Project object */;
			proxyType = 1;
			remoteGlobalIDString = 607FACCF1AFB9204008FA782;
			remoteInfo = PartnerOneSDK;
		};
/* End PBXContainerItemProxy section */

/* Begin PBXCopyFilesBuildPhase section */
		EF073A73293FA63100A31D9A /* Embed Frameworks */ = {
			isa = PBXCopyFilesBuildPhase;
			buildActionMask = 2147483647;
			dstPath = "";
			dstSubfolderSpec = 10;
			files = (
			);
			name = "Embed Frameworks";
			runOnlyForDeploymentPostprocessing = 0;
		};
/* End PBXCopyFilesBuildPhase section */

/* Begin PBXFileReference section */
		0EB5EDFB2CB6A9BF00A5058C /* DocumentDataModel.swift */ = {isa = PBXFileReference; lastKnownFileType = sourcecode.swift; path = DocumentDataModel.swift; sourceTree = "<group>"; };
		0EB5EDFC2CB6A9BF00A5058C /* ErrorModel.swift */ = {isa = PBXFileReference; lastKnownFileType = sourcecode.swift; path = ErrorModel.swift; sourceTree = "<group>"; };
		0EB5EDFD2CB6A9BF00A5058C /* FaceTecDataModel.swift */ = {isa = PBXFileReference; lastKnownFileType = sourcecode.swift; path = FaceTecDataModel.swift; sourceTree = "<group>"; };
		0EB5EDFE2CB6A9BF00A5058C /* LivenessModel.swift */ = {isa = PBXFileReference; lastKnownFileType = sourcecode.swift; path = LivenessModel.swift; sourceTree = "<group>"; };
		0EB5EDFF2CB6A9BF00A5058C /* MainResponseModel.swift */ = {isa = PBXFileReference; lastKnownFileType = sourcecode.swift; path = MainResponseModel.swift; sourceTree = "<group>"; };
		0EB5EE002CB6A9BF00A5058C /* ObjectReturnModel.swift */ = {isa = PBXFileReference; lastKnownFileType = sourcecode.swift; path = ObjectReturnModel.swift; sourceTree = "<group>"; };
		0EB5EE012CB6A9BF00A5058C /* ResultModel.swift */ = {isa = PBXFileReference; lastKnownFileType = sourcecode.swift; path = ResultModel.swift; sourceTree = "<group>"; };
		0EB5EE022CB6A9BF00A5058C /* SessionIDModel.swift */ = {isa = PBXFileReference; lastKnownFileType = sourcecode.swift; path = SessionIDModel.swift; sourceTree = "<group>"; };
		0EB5EE032CB6A9BF00A5058C /* TransactionIDModel.swift */ = {isa = PBXFileReference; lastKnownFileType = sourcecode.swift; path = TransactionIDModel.swift; sourceTree = "<group>"; };
		0EB5EE042CB6A9BF00A5058C /* TransactionModel.swift */ = {isa = PBXFileReference; lastKnownFileType = sourcecode.swift; path = TransactionModel.swift; sourceTree = "<group>"; };
		0EB5EE062CB6A9BF00A5058C /* DataParser.swift */ = {isa = PBXFileReference; lastKnownFileType = sourcecode.swift; path = DataParser.swift; sourceTree = "<group>"; };
		0EB5EE072CB6A9BF00A5058C /* ErrorResponse.swift */ = {isa = PBXFileReference; lastKnownFileType = sourcecode.swift; path = ErrorResponse.swift; sourceTree = "<group>"; };
		0EB5EE082CB6A9BF00A5058C /* ErrorType.swift */ = {isa = PBXFileReference; lastKnownFileType = sourcecode.swift; path = ErrorType.swift; sourceTree = "<group>"; };
		0EB5EE092CB6A9BF00A5058C /* Request.swift */ = {isa = PBXFileReference; lastKnownFileType = sourcecode.swift; path = Request.swift; sourceTree = "<group>"; };
		0EB5EE0A2CB6A9BF00A5058C /* Response.swift */ = {isa = PBXFileReference; lastKnownFileType = sourcecode.swift; path = Response.swift; sourceTree = "<group>"; };
		0EB5EE0B2CB6A9BF00A5058C /* Result.swift */ = {isa = PBXFileReference; lastKnownFileType = sourcecode.swift; path = Result.swift; sourceTree = "<group>"; };
		0EB5EE0C2CB6A9BF00A5058C /* ServerError.swift */ = {isa = PBXFileReference; lastKnownFileType = sourcecode.swift; path = ServerError.swift; sourceTree = "<group>"; };
		0EB5EE0E2CB6A9BF00A5058C /* BaseView.swift */ = {isa = PBXFileReference; lastKnownFileType = sourcecode.swift; path = BaseView.swift; sourceTree = "<group>"; };
		0EB5EE0F2CB6A9BF00A5058C /* BaseViewController.swift */ = {isa = PBXFileReference; lastKnownFileType = sourcecode.swift; path = BaseViewController.swift; sourceTree = "<group>"; };
		0EB5EE112CB6A9BF00A5058C /* DescriptionLabel.swift */ = {isa = PBXFileReference; lastKnownFileType = sourcecode.swift; path = DescriptionLabel.swift; sourceTree = "<group>"; };
		0EB5EE122CB6A9BF00A5058C /* MainButton.swift */ = {isa = PBXFileReference; lastKnownFileType = sourcecode.swift; path = MainButton.swift; sourceTree = "<group>"; };
		0EB5EE132CB6A9BF00A5058C /* MainTextInput.swift */ = {isa = PBXFileReference; lastKnownFileType = sourcecode.swift; path = MainTextInput.swift; sourceTree = "<group>"; };
		0EB5EE152CB6A9BF00A5058C /* LocalizableStrings.swift */ = {isa = PBXFileReference; lastKnownFileType = sourcecode.swift; path = LocalizableStrings.swift; sourceTree = "<group>"; };
		0EB5EE162CB6A9BF00A5058C /* PhotoFaceRouter.swift */ = {isa = PBXFileReference; lastKnownFileType = sourcecode.swift; path = PhotoFaceRouter.swift; sourceTree = "<group>"; };
		0EB5EE172CB6A9BF00A5058C /* Router.swift */ = {isa = PBXFileReference; lastKnownFileType = sourcecode.swift; path = Router.swift; sourceTree = "<group>"; };
		0EB5EE182CB6A9BF00A5058C /* Worker.swift */ = {isa = PBXFileReference; lastKnownFileType = sourcecode.swift; path = Worker.swift; sourceTree = "<group>"; };
		0EB5EE1A2CB6A9BF00A5058C /* LoginModel.swift */ = {isa = PBXFileReference; lastKnownFileType = sourcecode.swift; path = LoginModel.swift; sourceTree = "<group>"; };
		0EB5EE1B2CB6A9BF00A5058C /* LoginView.swift */ = {isa = PBXFileReference; lastKnownFileType = sourcecode.swift; path = LoginView.swift; sourceTree = "<group>"; };
		0EB5EE1C2CB6A9BF00A5058C /* LoginViewController.swift */ = {isa = PBXFileReference; lastKnownFileType = sourcecode.swift; path = LoginViewController.swift; sourceTree = "<group>"; };
		0EB5EE1D2CB6A9BF00A5058C /* LoginViewModel.swift */ = {isa = PBXFileReference; lastKnownFileType = sourcecode.swift; path = LoginViewModel.swift; sourceTree = "<group>"; };
		0EB5EE1F2CB6A9BF00A5058C /* StatusModel.swift */ = {isa = PBXFileReference; lastKnownFileType = sourcecode.swift; path = StatusModel.swift; sourceTree = "<group>"; };
		0EB5EE202CB6A9BF00A5058C /* StatusView.swift */ = {isa = PBXFileReference; lastKnownFileType = sourcecode.swift; path = StatusView.swift; sourceTree = "<group>"; };
		0EB5EE212CB6A9BF00A5058C /* StatusViewController.swift */ = {isa = PBXFileReference; lastKnownFileType = sourcecode.swift; path = StatusViewController.swift; sourceTree = "<group>"; };
		0EB5EE222CB6A9BF00A5058C /* StatusViewModel.swift */ = {isa = PBXFileReference; lastKnownFileType = sourcecode.swift; path = StatusViewModel.swift; sourceTree = "<group>"; };
		0EDDAFE12CB6AAA90073D041 /* Document.swift */ = {isa = PBXFileReference; lastKnownFileType = sourcecode.swift; path = Document.swift; sourceTree = "<group>"; };
		0EDDAFE22CB6AAA90073D041 /* DocumentBrowserViewController.swift */ = {isa = PBXFileReference; lastKnownFileType = sourcecode.swift; path = DocumentBrowserViewController.swift; sourceTree = "<group>"; };
		0EDDAFE32CB6AAA90073D041 /* DocumentViewController.swift */ = {isa = PBXFileReference; lastKnownFileType = sourcecode.swift; path = DocumentViewController.swift; sourceTree = "<group>"; };
		2C591C163748FE72C703965C /* Pods-PartnerOneSDK_Example.release.xcconfig */ = {isa = PBXFileReference; includeInIndex = 1; lastKnownFileType = text.xcconfig; name = "Pods-PartnerOneSDK_Example.release.xcconfig"; path = "Target Support Files/Pods-PartnerOneSDK_Example/Pods-PartnerOneSDK_Example.release.xcconfig"; sourceTree = "<group>"; };
		55FA8584A5B53A5DBB6FC886 /* PartnerOneSDK.podspec */ = {isa = PBXFileReference; includeInIndex = 1; lastKnownFileType = text; name = PartnerOneSDK.podspec; path = ../PartnerOneSDK.podspec; sourceTree = "<group>"; xcLanguageSpecificationIdentifier = xcode.lang.ruby; };
		607FACD01AFB9204008FA782 /* PartnerOneSDK_Example.app */ = {isa = PBXFileReference; explicitFileType = wrapper.application; includeInIndex = 0; path = PartnerOneSDK_Example.app; sourceTree = BUILT_PRODUCTS_DIR; };
		607FACD41AFB9204008FA782 /* Info.plist */ = {isa = PBXFileReference; lastKnownFileType = text.plist.xml; path = Info.plist; sourceTree = "<group>"; };
		607FACD51AFB9204008FA782 /* AppDelegate.swift */ = {isa = PBXFileReference; lastKnownFileType = sourcecode.swift; path = AppDelegate.swift; sourceTree = "<group>"; };
		607FACDA1AFB9204008FA782 /* Base */ = {isa = PBXFileReference; lastKnownFileType = file.storyboard; name = Base; path = Base.lproj/Main.storyboard; sourceTree = "<group>"; };
		607FACDF1AFB9204008FA782 /* Base */ = {isa = PBXFileReference; lastKnownFileType = file.xib; name = Base; path = Base.lproj/LaunchScreen.xib; sourceTree = "<group>"; };
		607FACE51AFB9204008FA782 /* PartnerOneSDK_Tests.xctest */ = {isa = PBXFileReference; explicitFileType = wrapper.cfbundle; includeInIndex = 0; path = PartnerOneSDK_Tests.xctest; sourceTree = BUILT_PRODUCTS_DIR; };
		607FACEA1AFB9204008FA782 /* Info.plist */ = {isa = PBXFileReference; lastKnownFileType = text.plist.xml; path = Info.plist; sourceTree = "<group>"; };
		607FACEB1AFB9204008FA782 /* Tests.swift */ = {isa = PBXFileReference; lastKnownFileType = sourcecode.swift; path = Tests.swift; sourceTree = "<group>"; };
		6293320C3CA60BB2D9C3D45D /* Pods_PartnerOneSDK_Tests.framework */ = {isa = PBXFileReference; explicitFileType = wrapper.framework; includeInIndex = 0; path = Pods_PartnerOneSDK_Tests.framework; sourceTree = BUILT_PRODUCTS_DIR; };
		672FC34F7FB46DD169088B27 /* README.md */ = {isa = PBXFileReference; includeInIndex = 1; lastKnownFileType = net.daringfireball.markdown; name = README.md; path = ../README.md; sourceTree = "<group>"; };
		945FB5B56B6487D0D4D51694 /* LICENSE */ = {isa = PBXFileReference; includeInIndex = 1; lastKnownFileType = text; name = LICENSE; path = ../LICENSE; sourceTree = "<group>"; };
		9FBE415EC065FE1A6DE8F7EC /* Pods-PartnerOneSDK_Example.debug.xcconfig */ = {isa = PBXFileReference; includeInIndex = 1; lastKnownFileType = text.xcconfig; name = "Pods-PartnerOneSDK_Example.debug.xcconfig"; path = "Target Support Files/Pods-PartnerOneSDK_Example/Pods-PartnerOneSDK_Example.debug.xcconfig"; sourceTree = "<group>"; };
		B8CA0CFFCA13431C93D72BD7 /* Pods-PartnerOneSDK_Tests.debug.xcconfig */ = {isa = PBXFileReference; includeInIndex = 1; lastKnownFileType = text.xcconfig; name = "Pods-PartnerOneSDK_Tests.debug.xcconfig"; path = "Target Support Files/Pods-PartnerOneSDK_Tests/Pods-PartnerOneSDK_Tests.debug.xcconfig"; sourceTree = "<group>"; };
		D3710A2E7570CE9EDF193F40 /* Pods-PartnerOneSDK_Tests.release.xcconfig */ = {isa = PBXFileReference; includeInIndex = 1; lastKnownFileType = text.xcconfig; name = "Pods-PartnerOneSDK_Tests.release.xcconfig"; path = "Target Support Files/Pods-PartnerOneSDK_Tests/Pods-PartnerOneSDK_Tests.release.xcconfig"; sourceTree = "<group>"; };
		EBECA43F87C92866954735CA /* Pods_PartnerOneSDK_Example.framework */ = {isa = PBXFileReference; explicitFileType = wrapper.framework; includeInIndex = 0; path = Pods_PartnerOneSDK_Example.framework; sourceTree = BUILT_PRODUCTS_DIR; };
/* End PBXFileReference section */

/* Begin PBXFrameworksBuildPhase section */
		607FACCD1AFB9204008FA782 /* Frameworks */ = {
			isa = PBXFrameworksBuildPhase;
			buildActionMask = 2147483647;
			files = (
				DDD337FD64C7247494D7736A /* Pods_PartnerOneSDK_Example.framework in Frameworks */,
			);
			runOnlyForDeploymentPostprocessing = 0;
		};
		607FACE21AFB9204008FA782 /* Frameworks */ = {
			isa = PBXFrameworksBuildPhase;
			buildActionMask = 2147483647;
			files = (
				CC6E38D215F4567F0548FDDE /* Pods_PartnerOneSDK_Tests.framework in Frameworks */,
			);
			runOnlyForDeploymentPostprocessing = 0;
		};
/* End PBXFrameworksBuildPhase section */

/* Begin PBXGroup section */
		0EB5EE052CB6A9BF00A5058C /* Models */ = {
			isa = PBXGroup;
			children = (
				0EB5EDFB2CB6A9BF00A5058C /* DocumentDataModel.swift */,
				0EB5EDFC2CB6A9BF00A5058C /* ErrorModel.swift */,
				0EB5EDFD2CB6A9BF00A5058C /* FaceTecDataModel.swift */,
				0EB5EDFE2CB6A9BF00A5058C /* LivenessModel.swift */,
				0EB5EDFF2CB6A9BF00A5058C /* MainResponseModel.swift */,
				0EB5EE002CB6A9BF00A5058C /* ObjectReturnModel.swift */,
				0EB5EE012CB6A9BF00A5058C /* ResultModel.swift */,
				0EB5EE022CB6A9BF00A5058C /* SessionIDModel.swift */,
				0EB5EE032CB6A9BF00A5058C /* TransactionIDModel.swift */,
				0EB5EE042CB6A9BF00A5058C /* TransactionModel.swift */,
			);
			path = Models;
			sourceTree = "<group>";
		};
		0EB5EE0D2CB6A9BF00A5058C /* Networking */ = {
			isa = PBXGroup;
			children = (
				0EB5EE062CB6A9BF00A5058C /* DataParser.swift */,
				0EB5EE072CB6A9BF00A5058C /* ErrorResponse.swift */,
				0EB5EE082CB6A9BF00A5058C /* ErrorType.swift */,
				0EB5EE092CB6A9BF00A5058C /* Request.swift */,
				0EB5EE0A2CB6A9BF00A5058C /* Response.swift */,
				0EB5EE0B2CB6A9BF00A5058C /* Result.swift */,
				0EB5EE0C2CB6A9BF00A5058C /* ServerError.swift */,
			);
			path = Networking;
			sourceTree = "<group>";
		};
		0EB5EE102CB6A9BF00A5058C /* Classes */ = {
			isa = PBXGroup;
			children = (
				0EB5EE0E2CB6A9BF00A5058C /* BaseView.swift */,
				0EB5EE0F2CB6A9BF00A5058C /* BaseViewController.swift */,
			);
			path = Classes;
			sourceTree = "<group>";
		};
		0EB5EE142CB6A9BF00A5058C /* Components */ = {
			isa = PBXGroup;
			children = (
				0EB5EE112CB6A9BF00A5058C /* DescriptionLabel.swift */,
				0EB5EE122CB6A9BF00A5058C /* MainButton.swift */,
				0EB5EE132CB6A9BF00A5058C /* MainTextInput.swift */,
			);
			path = Components;
			sourceTree = "<group>";
		};
		0EB5EE192CB6A9BF00A5058C /* Reusable */ = {
			isa = PBXGroup;
			children = (
				0EB5EE102CB6A9BF00A5058C /* Classes */,
				0EB5EE142CB6A9BF00A5058C /* Components */,
				0EB5EE152CB6A9BF00A5058C /* LocalizableStrings.swift */,
				0EB5EE162CB6A9BF00A5058C /* PhotoFaceRouter.swift */,
				0EB5EE172CB6A9BF00A5058C /* Router.swift */,
				0EB5EE182CB6A9BF00A5058C /* Worker.swift */,
			);
			path = Reusable;
			sourceTree = "<group>";
		};
		0EB5EE1E2CB6A9BF00A5058C /* Login */ = {
			isa = PBXGroup;
			children = (
				0EB5EE1A2CB6A9BF00A5058C /* LoginModel.swift */,
				0EB5EE1B2CB6A9BF00A5058C /* LoginView.swift */,
				0EB5EE1C2CB6A9BF00A5058C /* LoginViewController.swift */,
				0EB5EE1D2CB6A9BF00A5058C /* LoginViewModel.swift */,
			);
			path = Login;
			sourceTree = "<group>";
		};
		0EB5EE232CB6A9BF00A5058C /* Status */ = {
			isa = PBXGroup;
			children = (
				0EB5EE1F2CB6A9BF00A5058C /* StatusModel.swift */,
				0EB5EE202CB6A9BF00A5058C /* StatusView.swift */,
				0EB5EE212CB6A9BF00A5058C /* StatusViewController.swift */,
				0EB5EE222CB6A9BF00A5058C /* StatusViewModel.swift */,
			);
			path = Status;
			sourceTree = "<group>";
		};
		0EB5EE242CB6A9BF00A5058C /* Scenes */ = {
			isa = PBXGroup;
			children = (
				0EB5EE1E2CB6A9BF00A5058C /* Login */,
				0EB5EE232CB6A9BF00A5058C /* Status */,
			);
			path = Scenes;
			sourceTree = "<group>";
		};
		607FACC71AFB9204008FA782 = {
			isa = PBXGroup;
			children = (
				607FACF51AFB993E008FA782 /* Podspec Metadata */,
				607FACD21AFB9204008FA782 /* Example for PartnerOneSDK */,
				607FACE81AFB9204008FA782 /* Tests */,
				607FACD11AFB9204008FA782 /* Products */,
				8347370807F58F789D999FB6 /* Pods */,
				C140B6AACA133E3F47ACA21C /* Frameworks */,
			);
			sourceTree = "<group>";
		};
		607FACD11AFB9204008FA782 /* Products */ = {
			isa = PBXGroup;
			children = (
				607FACD01AFB9204008FA782 /* PartnerOneSDK_Example.app */,
				607FACE51AFB9204008FA782 /* PartnerOneSDK_Tests.xctest */,
			);
			name = Products;
			sourceTree = "<group>";
		};
		607FACD21AFB9204008FA782 /* Example for PartnerOneSDK */ = {
			isa = PBXGroup;
			children = (
				0EB5EE052CB6A9BF00A5058C /* Models */,
				0EB5EE0D2CB6A9BF00A5058C /* Networking */,
				0EB5EE192CB6A9BF00A5058C /* Reusable */,
				0EB5EE242CB6A9BF00A5058C /* Scenes */,
				EF073A84293FA7B400A31D9A /* Commmon */,
				607FACD31AFB9204008FA782 /* Supporting Files */,
			);
			name = "Example for PartnerOneSDK";
			path = PartnerOneSDK;
			sourceTree = "<group>";
		};
		607FACD31AFB9204008FA782 /* Supporting Files */ = {
			isa = PBXGroup;
			children = (
				607FACD41AFB9204008FA782 /* Info.plist */,
			);
			name = "Supporting Files";
			sourceTree = "<group>";
		};
		607FACE81AFB9204008FA782 /* Tests */ = {
			isa = PBXGroup;
			children = (
				607FACEB1AFB9204008FA782 /* Tests.swift */,
				607FACE91AFB9204008FA782 /* Supporting Files */,
			);
			path = Tests;
			sourceTree = "<group>";
		};
		607FACE91AFB9204008FA782 /* Supporting Files */ = {
			isa = PBXGroup;
			children = (
				607FACEA1AFB9204008FA782 /* Info.plist */,
			);
			name = "Supporting Files";
			sourceTree = "<group>";
		};
		607FACF51AFB993E008FA782 /* Podspec Metadata */ = {
			isa = PBXGroup;
			children = (
				55FA8584A5B53A5DBB6FC886 /* PartnerOneSDK.podspec */,
				672FC34F7FB46DD169088B27 /* README.md */,
				945FB5B56B6487D0D4D51694 /* LICENSE */,
			);
			name = "Podspec Metadata";
			sourceTree = "<group>";
		};
		8347370807F58F789D999FB6 /* Pods */ = {
			isa = PBXGroup;
			children = (
				9FBE415EC065FE1A6DE8F7EC /* Pods-PartnerOneSDK_Example.debug.xcconfig */,
				2C591C163748FE72C703965C /* Pods-PartnerOneSDK_Example.release.xcconfig */,
				B8CA0CFFCA13431C93D72BD7 /* Pods-PartnerOneSDK_Tests.debug.xcconfig */,
				D3710A2E7570CE9EDF193F40 /* Pods-PartnerOneSDK_Tests.release.xcconfig */,
			);
			path = Pods;
			sourceTree = "<group>";
		};
		C140B6AACA133E3F47ACA21C /* Frameworks */ = {
			isa = PBXGroup;
			children = (
				EBECA43F87C92866954735CA /* Pods_PartnerOneSDK_Example.framework */,
				6293320C3CA60BB2D9C3D45D /* Pods_PartnerOneSDK_Tests.framework */,
			);
			name = Frameworks;
			sourceTree = "<group>";
		};
		EF073A84293FA7B400A31D9A /* Commmon */ = {
			isa = PBXGroup;
			children = (
				607FACD51AFB9204008FA782 /* AppDelegate.swift */,
				0EDDAFE12CB6AAA90073D041 /* Document.swift */,
				0EDDAFE22CB6AAA90073D041 /* DocumentBrowserViewController.swift */,
				0EDDAFE32CB6AAA90073D041 /* DocumentViewController.swift */,
				607FACD91AFB9204008FA782 /* Main.storyboard */,
				607FACDE1AFB9204008FA782 /* LaunchScreen.xib */,
			);
			name = Commmon;
			sourceTree = "<group>";
		};
/* End PBXGroup section */

/* Begin PBXNativeTarget section */
		607FACCF1AFB9204008FA782 /* PartnerOneSDK_Example */ = {
			isa = PBXNativeTarget;
			buildConfigurationList = 607FACEF1AFB9204008FA782 /* Build configuration list for PBXNativeTarget "PartnerOneSDK_Example" */;
			buildPhases = (
				9A3D4E3AA5450C3B376D6D75 /* [CP] Check Pods Manifest.lock */,
				607FACCC1AFB9204008FA782 /* Sources */,
				607FACCD1AFB9204008FA782 /* Frameworks */,
				607FACCE1AFB9204008FA782 /* Resources */,
				EF073A73293FA63100A31D9A /* Embed Frameworks */,
				D382B0C64B1BA3D9CB2D03F5 /* [CP] Embed Pods Frameworks */,
				41D06DF1087CA94BCBFA09BF /* [CP] Copy Pods Resources */,
			);
			buildRules = (
			);
			dependencies = (
			);
			name = PartnerOneSDK_Example;
			productName = PartnerOneSDK;
			productReference = 607FACD01AFB9204008FA782 /* PartnerOneSDK_Example.app */;
			productType = "com.apple.product-type.application";
		};
		607FACE41AFB9204008FA782 /* PartnerOneSDK_Tests */ = {
			isa = PBXNativeTarget;
			buildConfigurationList = 607FACF21AFB9204008FA782 /* Build configuration list for PBXNativeTarget "PartnerOneSDK_Tests" */;
			buildPhases = (
				30737EE47EEE6760D2B898B7 /* [CP] Check Pods Manifest.lock */,
				607FACE11AFB9204008FA782 /* Sources */,
				607FACE21AFB9204008FA782 /* Frameworks */,
				607FACE31AFB9204008FA782 /* Resources */,
			);
			buildRules = (
			);
			dependencies = (
				607FACE71AFB9204008FA782 /* PBXTargetDependency */,
			);
			name = PartnerOneSDK_Tests;
			productName = Tests;
			productReference = 607FACE51AFB9204008FA782 /* PartnerOneSDK_Tests.xctest */;
			productType = "com.apple.product-type.bundle.unit-test";
		};
/* End PBXNativeTarget section */

/* Begin PBXProject section */
		607FACC81AFB9204008FA782 /* Project object */ = {
			isa = PBXProject;
			attributes = {
				LastSwiftUpdateCheck = 0830;
				LastUpgradeCheck = 0830;
				ORGANIZATIONNAME = CocoaPods;
				TargetAttributes = {
					607FACCF1AFB9204008FA782 = {
						CreatedOnToolsVersion = 6.3.1;
						DevelopmentTeam = 93Z4LTM66K;
						LastSwiftMigration = 0900;
						ProvisioningStyle = Automatic;
					};
					607FACE41AFB9204008FA782 = {
						CreatedOnToolsVersion = 6.3.1;
						DevelopmentTeam = 93Z4LTM66K;
						LastSwiftMigration = 0900;
						TestTargetID = 607FACCF1AFB9204008FA782;
					};
				};
			};
			buildConfigurationList = 607FACCB1AFB9204008FA782 /* Build configuration list for PBXProject "PartnerOneSDK" */;
			compatibilityVersion = "Xcode 3.2";
			developmentRegion = English;
			hasScannedForEncodings = 0;
			knownRegions = (
				English,
				en,
				Base,
			);
			mainGroup = 607FACC71AFB9204008FA782;
			productRefGroup = 607FACD11AFB9204008FA782 /* Products */;
			projectDirPath = "";
			projectRoot = "";
			targets = (
				607FACCF1AFB9204008FA782 /* PartnerOneSDK_Example */,
				607FACE41AFB9204008FA782 /* PartnerOneSDK_Tests */,
			);
		};
/* End PBXProject section */

/* Begin PBXResourcesBuildPhase section */
		607FACCE1AFB9204008FA782 /* Resources */ = {
			isa = PBXResourcesBuildPhase;
			buildActionMask = 2147483647;
			files = (
				607FACDB1AFB9204008FA782 /* Main.storyboard in Resources */,
				607FACE01AFB9204008FA782 /* LaunchScreen.xib in Resources */,
			);
			runOnlyForDeploymentPostprocessing = 0;
		};
		607FACE31AFB9204008FA782 /* Resources */ = {
			isa = PBXResourcesBuildPhase;
			buildActionMask = 2147483647;
			files = (
			);
			runOnlyForDeploymentPostprocessing = 0;
		};
/* End PBXResourcesBuildPhase section */

/* Begin PBXShellScriptBuildPhase section */
		30737EE47EEE6760D2B898B7 /* [CP] Check Pods Manifest.lock */ = {
			isa = PBXShellScriptBuildPhase;
			buildActionMask = 2147483647;
			files = (
			);
			inputFileListPaths = (
			);
			inputPaths = (
				"${PODS_PODFILE_DIR_PATH}/Podfile.lock",
				"${PODS_ROOT}/Manifest.lock",
			);
			name = "[CP] Check Pods Manifest.lock";
			outputFileListPaths = (
			);
			outputPaths = (
				"$(DERIVED_FILE_DIR)/Pods-PartnerOneSDK_Tests-checkManifestLockResult.txt",
			);
			runOnlyForDeploymentPostprocessing = 0;
			shellPath = /bin/sh;
			shellScript = "diff \"${PODS_PODFILE_DIR_PATH}/Podfile.lock\" \"${PODS_ROOT}/Manifest.lock\" > /dev/null\nif [ $? != 0 ] ; then\n    # print error to STDERR\n    echo \"error: The sandbox is not in sync with the Podfile.lock. Run 'pod install' or update your CocoaPods installation.\" >&2\n    exit 1\nfi\n# This output is used by Xcode 'outputs' to avoid re-running this script phase.\necho \"SUCCESS\" > \"${SCRIPT_OUTPUT_FILE_0}\"\n";
			showEnvVarsInLog = 0;
		};
		41D06DF1087CA94BCBFA09BF /* [CP] Copy Pods Resources */ = {
			isa = PBXShellScriptBuildPhase;
			buildActionMask = 2147483647;
			files = (
			);
			inputPaths = (
				"${PODS_ROOT}/Target Support Files/Pods-PartnerOneSDK_Example/Pods-PartnerOneSDK_Example-resources.sh",
				"${PODS_CONFIGURATION_BUILD_DIR}/unicocheck-ios/unicocheck-ios.bundle",
			);
			name = "[CP] Copy Pods Resources";
			outputPaths = (
				"${TARGET_BUILD_DIR}/${UNLOCALIZED_RESOURCES_FOLDER_PATH}/unicocheck-ios.bundle",
			);
			runOnlyForDeploymentPostprocessing = 0;
			shellPath = /bin/sh;
			shellScript = "\"${PODS_ROOT}/Target Support Files/Pods-PartnerOneSDK_Example/Pods-PartnerOneSDK_Example-resources.sh\"\n";
			showEnvVarsInLog = 0;
		};
		9A3D4E3AA5450C3B376D6D75 /* [CP] Check Pods Manifest.lock */ = {
			isa = PBXShellScriptBuildPhase;
			buildActionMask = 2147483647;
			files = (
			);
			inputFileListPaths = (
			);
			inputPaths = (
				"${PODS_PODFILE_DIR_PATH}/Podfile.lock",
				"${PODS_ROOT}/Manifest.lock",
			);
			name = "[CP] Check Pods Manifest.lock";
			outputFileListPaths = (
			);
			outputPaths = (
				"$(DERIVED_FILE_DIR)/Pods-PartnerOneSDK_Example-checkManifestLockResult.txt",
			);
			runOnlyForDeploymentPostprocessing = 0;
			shellPath = /bin/sh;
			shellScript = "diff \"${PODS_PODFILE_DIR_PATH}/Podfile.lock\" \"${PODS_ROOT}/Manifest.lock\" > /dev/null\nif [ $? != 0 ] ; then\n    # print error to STDERR\n    echo \"error: The sandbox is not in sync with the Podfile.lock. Run 'pod install' or update your CocoaPods installation.\" >&2\n    exit 1\nfi\n# This output is used by Xcode 'outputs' to avoid re-running this script phase.\necho \"SUCCESS\" > \"${SCRIPT_OUTPUT_FILE_0}\"\n";
			showEnvVarsInLog = 0;
		};
		D382B0C64B1BA3D9CB2D03F5 /* [CP] Embed Pods Frameworks */ = {
			isa = PBXShellScriptBuildPhase;
			buildActionMask = 2147483647;
			files = (
			);
			inputPaths = (
				"${PODS_ROOT}/Target Support Files/Pods-PartnerOneSDK_Example/Pods-PartnerOneSDK_Example-frameworks.sh",
				"${BUILT_PRODUCTS_DIR}/Alamofire/Alamofire.framework",
				"${BUILT_PRODUCTS_DIR}/ObjectMapper/ObjectMapper.framework",
				"${BUILT_PRODUCTS_DIR}/PartnerOneSDK/PartnerOneSDK.framework",
				"${PODS_XCFRAMEWORKS_BUILD_DIR}/unicocheck-ios/AcessoBio.framework/AcessoBio",
				"${PODS_XCFRAMEWORKS_BUILD_DIR}/unicocheck-ios/DeviceProfiling.framework/DeviceProfiling",
				"${PODS_XCFRAMEWORKS_BUILD_DIR}/unicocheck-ios/FaceTecSDK.framework/FaceTecSDK",
				"${PODS_XCFRAMEWORKS_BUILD_DIR}/unicocheck-ios/UnicoSdkBase.framework/UnicoSdkBase",
				"${PODS_XCFRAMEWORKS_BUILD_DIR}/unicocheck-ios/UnicoSdkLiveness.framework/UnicoSdkLiveness",
				"${PODS_XCFRAMEWORKS_BUILD_DIR}/unicocheck-ios/UnicoSdkLogger.framework/UnicoSdkLogger",
				"${PODS_XCFRAMEWORKS_BUILD_DIR}/unicocheck-ios/UnicoSdkPlugins.framework/UnicoSdkPlugins",
			);
			name = "[CP] Embed Pods Frameworks";
			outputPaths = (
				"${TARGET_BUILD_DIR}/${FRAMEWORKS_FOLDER_PATH}/Alamofire.framework",
				"${TARGET_BUILD_DIR}/${FRAMEWORKS_FOLDER_PATH}/ObjectMapper.framework",
				"${TARGET_BUILD_DIR}/${FRAMEWORKS_FOLDER_PATH}/PartnerOneSDK.framework",
				"${TARGET_BUILD_DIR}/${FRAMEWORKS_FOLDER_PATH}/AcessoBio.framework",
				"${TARGET_BUILD_DIR}/${FRAMEWORKS_FOLDER_PATH}/DeviceProfiling.framework",
				"${TARGET_BUILD_DIR}/${FRAMEWORKS_FOLDER_PATH}/FaceTecSDK.framework",
				"${TARGET_BUILD_DIR}/${FRAMEWORKS_FOLDER_PATH}/UnicoSdkBase.framework",
				"${TARGET_BUILD_DIR}/${FRAMEWORKS_FOLDER_PATH}/UnicoSdkLiveness.framework",
				"${TARGET_BUILD_DIR}/${FRAMEWORKS_FOLDER_PATH}/UnicoSdkLogger.framework",
				"${TARGET_BUILD_DIR}/${FRAMEWORKS_FOLDER_PATH}/UnicoSdkPlugins.framework",
			);
			runOnlyForDeploymentPostprocessing = 0;
			shellPath = /bin/sh;
			shellScript = "\"${PODS_ROOT}/Target Support Files/Pods-PartnerOneSDK_Example/Pods-PartnerOneSDK_Example-frameworks.sh\"\n";
			showEnvVarsInLog = 0;
		};
/* End PBXShellScriptBuildPhase section */

/* Begin PBXSourcesBuildPhase section */
		607FACCC1AFB9204008FA782 /* Sources */ = {
			isa = PBXSourcesBuildPhase;
			buildActionMask = 2147483647;
			files = (
				0EB5EE252CB6A9BF00A5058C /* DataParser.swift in Sources */,
				0EB5EE262CB6A9BF00A5058C /* Worker.swift in Sources */,
				0EB5EE272CB6A9BF00A5058C /* MainButton.swift in Sources */,
				0EB5EE282CB6A9BF00A5058C /* ObjectReturnModel.swift in Sources */,
				0EB5EE292CB6A9BF00A5058C /* LivenessModel.swift in Sources */,
				0EB5EE2A2CB6A9BF00A5058C /* LoginModel.swift in Sources */,
				0EB5EE2B2CB6A9BF00A5058C /* LoginViewController.swift in Sources */,
				0EB5EE2C2CB6A9BF00A5058C /* StatusViewModel.swift in Sources */,
				0EB5EE2D2CB6A9BF00A5058C /* DescriptionLabel.swift in Sources */,
				0EB5EE2E2CB6A9BF00A5058C /* StatusView.swift in Sources */,
				0EB5EE2F2CB6A9BF00A5058C /* LoginView.swift in Sources */,
				0EB5EE302CB6A9BF00A5058C /* TransactionModel.swift in Sources */,
				0EB5EE312CB6A9BF00A5058C /* SessionIDModel.swift in Sources */,
				0EB5EE322CB6A9BF00A5058C /* ServerError.swift in Sources */,
				0EB5EE332CB6A9BF00A5058C /* StatusModel.swift in Sources */,
				0EB5EE342CB6A9BF00A5058C /* ErrorModel.swift in Sources */,
				0EB5EE352CB6A9BF00A5058C /* LoginViewModel.swift in Sources */,
				0EDDAFE42CB6AAA90073D041 /* DocumentBrowserViewController.swift in Sources */,
				0EDDAFE52CB6AAA90073D041 /* Document.swift in Sources */,
				0EDDAFE62CB6AAA90073D041 /* DocumentViewController.swift in Sources */,
				0EB5EE362CB6A9BF00A5058C /* FaceTecDataModel.swift in Sources */,
				0EB5EE372CB6A9BF00A5058C /* Router.swift in Sources */,
				0EB5EE382CB6A9BF00A5058C /* StatusViewController.swift in Sources */,
				0EB5EE392CB6A9BF00A5058C /* Result.swift in Sources */,
				0EB5EE3A2CB6A9BF00A5058C /* PhotoFaceRouter.swift in Sources */,
				0EB5EE3B2CB6A9BF00A5058C /* DocumentDataModel.swift in Sources */,
				0EB5EE3C2CB6A9BF00A5058C /* TransactionIDModel.swift in Sources */,
				0EB5EE3D2CB6A9BF00A5058C /* BaseViewController.swift in Sources */,
				0EB5EE3E2CB6A9BF00A5058C /* ErrorType.swift in Sources */,
				0EB5EE3F2CB6A9BF00A5058C /* LocalizableStrings.swift in Sources */,
				0EB5EE402CB6A9BF00A5058C /* Request.swift in Sources */,
				0EB5EE412CB6A9BF00A5058C /* MainResponseModel.swift in Sources */,
				0EB5EE422CB6A9BF00A5058C /* MainTextInput.swift in Sources */,
				0EB5EE432CB6A9BF00A5058C /* ResultModel.swift in Sources */,
				0EB5EE442CB6A9BF00A5058C /* BaseView.swift in Sources */,
				0EB5EE452CB6A9BF00A5058C /* Response.swift in Sources */,
				0EB5EE462CB6A9BF00A5058C /* ErrorResponse.swift in Sources */,
				607FACD61AFB9204008FA782 /* AppDelegate.swift in Sources */,
			);
			runOnlyForDeploymentPostprocessing = 0;
		};
		607FACE11AFB9204008FA782 /* Sources */ = {
			isa = PBXSourcesBuildPhase;
			buildActionMask = 2147483647;
			files = (
				607FACEC1AFB9204008FA782 /* Tests.swift in Sources */,
			);
			runOnlyForDeploymentPostprocessing = 0;
		};
/* End PBXSourcesBuildPhase section */

/* Begin PBXTargetDependency section */
		607FACE71AFB9204008FA782 /* PBXTargetDependency */ = {
			isa = PBXTargetDependency;
			target = 607FACCF1AFB9204008FA782 /* PartnerOneSDK_Example */;
			targetProxy = 607FACE61AFB9204008FA782 /* PBXContainerItemProxy */;
		};
/* End PBXTargetDependency section */

/* Begin PBXVariantGroup section */
		607FACD91AFB9204008FA782 /* Main.storyboard */ = {
			isa = PBXVariantGroup;
			children = (
				607FACDA1AFB9204008FA782 /* Base */,
			);
			name = Main.storyboard;
			sourceTree = "<group>";
		};
		607FACDE1AFB9204008FA782 /* LaunchScreen.xib */ = {
			isa = PBXVariantGroup;
			children = (
				607FACDF1AFB9204008FA782 /* Base */,
			);
			name = LaunchScreen.xib;
			sourceTree = "<group>";
		};
/* End PBXVariantGroup section */

/* Begin XCBuildConfiguration section */
		607FACED1AFB9204008FA782 /* Debug */ = {
			isa = XCBuildConfiguration;
			buildSettings = {
				ALWAYS_SEARCH_USER_PATHS = NO;
				CLANG_CXX_LANGUAGE_STANDARD = "gnu++0x";
				CLANG_CXX_LIBRARY = "libc++";
				CLANG_ENABLE_MODULES = YES;
				CLANG_ENABLE_OBJC_ARC = YES;
				CLANG_WARN_BLOCK_CAPTURE_AUTORELEASING = YES;
				CLANG_WARN_BOOL_CONVERSION = YES;
				CLANG_WARN_COMMA = YES;
				CLANG_WARN_CONSTANT_CONVERSION = YES;
				CLANG_WARN_DIRECT_OBJC_ISA_USAGE = YES_ERROR;
				CLANG_WARN_EMPTY_BODY = YES;
				CLANG_WARN_ENUM_CONVERSION = YES;
				CLANG_WARN_INFINITE_RECURSION = YES;
				CLANG_WARN_INT_CONVERSION = YES;
				CLANG_WARN_NON_LITERAL_NULL_CONVERSION = YES;
				CLANG_WARN_OBJC_LITERAL_CONVERSION = YES;
				CLANG_WARN_OBJC_ROOT_CLASS = YES_ERROR;
				CLANG_WARN_RANGE_LOOP_ANALYSIS = YES;
				CLANG_WARN_STRICT_PROTOTYPES = YES;
				CLANG_WARN_SUSPICIOUS_MOVE = YES;
				CLANG_WARN_UNREACHABLE_CODE = YES;
				CLANG_WARN__DUPLICATE_METHOD_MATCH = YES;
				"CODE_SIGN_IDENTITY[sdk=iphoneos*]" = "iPhone Developer";
				COPY_PHASE_STRIP = NO;
				DEBUG_INFORMATION_FORMAT = "dwarf-with-dsym";
				ENABLE_STRICT_OBJC_MSGSEND = YES;
				ENABLE_TESTABILITY = YES;
				GCC_C_LANGUAGE_STANDARD = gnu99;
				GCC_DYNAMIC_NO_PIC = NO;
				GCC_NO_COMMON_BLOCKS = YES;
				GCC_OPTIMIZATION_LEVEL = 0;
				GCC_PREPROCESSOR_DEFINITIONS = (
					"DEBUG=1",
					"$(inherited)",
				);
				GCC_SYMBOLS_PRIVATE_EXTERN = NO;
				GCC_WARN_64_TO_32_BIT_CONVERSION = YES;
				GCC_WARN_ABOUT_RETURN_TYPE = YES_ERROR;
				GCC_WARN_UNDECLARED_SELECTOR = YES;
				GCC_WARN_UNINITIALIZED_AUTOS = YES_AGGRESSIVE;
				GCC_WARN_UNUSED_FUNCTION = YES;
				GCC_WARN_UNUSED_VARIABLE = YES;
				IPHONEOS_DEPLOYMENT_TARGET = 13.0;
				MTL_ENABLE_DEBUG_INFO = YES;
				ONLY_ACTIVE_ARCH = YES;
				SDKROOT = iphoneos;
				SWIFT_OPTIMIZATION_LEVEL = "-Onone";
			};
			name = Debug;
		};
		607FACEE1AFB9204008FA782 /* Release */ = {
			isa = XCBuildConfiguration;
			buildSettings = {
				ALWAYS_SEARCH_USER_PATHS = NO;
				CLANG_CXX_LANGUAGE_STANDARD = "gnu++0x";
				CLANG_CXX_LIBRARY = "libc++";
				CLANG_ENABLE_MODULES = YES;
				CLANG_ENABLE_OBJC_ARC = YES;
				CLANG_WARN_BLOCK_CAPTURE_AUTORELEASING = YES;
				CLANG_WARN_BOOL_CONVERSION = YES;
				CLANG_WARN_COMMA = YES;
				CLANG_WARN_CONSTANT_CONVERSION = YES;
				CLANG_WARN_DIRECT_OBJC_ISA_USAGE = YES_ERROR;
				CLANG_WARN_EMPTY_BODY = YES;
				CLANG_WARN_ENUM_CONVERSION = YES;
				CLANG_WARN_INFINITE_RECURSION = YES;
				CLANG_WARN_INT_CONVERSION = YES;
				CLANG_WARN_NON_LITERAL_NULL_CONVERSION = YES;
				CLANG_WARN_OBJC_LITERAL_CONVERSION = YES;
				CLANG_WARN_OBJC_ROOT_CLASS = YES_ERROR;
				CLANG_WARN_RANGE_LOOP_ANALYSIS = YES;
				CLANG_WARN_STRICT_PROTOTYPES = YES;
				CLANG_WARN_SUSPICIOUS_MOVE = YES;
				CLANG_WARN_UNREACHABLE_CODE = YES;
				CLANG_WARN__DUPLICATE_METHOD_MATCH = YES;
				"CODE_SIGN_IDENTITY[sdk=iphoneos*]" = "iPhone Developer";
				COPY_PHASE_STRIP = NO;
				DEBUG_INFORMATION_FORMAT = "dwarf-with-dsym";
				ENABLE_NS_ASSERTIONS = NO;
				ENABLE_STRICT_OBJC_MSGSEND = YES;
				GCC_C_LANGUAGE_STANDARD = gnu99;
				GCC_NO_COMMON_BLOCKS = YES;
				GCC_WARN_64_TO_32_BIT_CONVERSION = YES;
				GCC_WARN_ABOUT_RETURN_TYPE = YES_ERROR;
				GCC_WARN_UNDECLARED_SELECTOR = YES;
				GCC_WARN_UNINITIALIZED_AUTOS = YES_AGGRESSIVE;
				GCC_WARN_UNUSED_FUNCTION = YES;
				GCC_WARN_UNUSED_VARIABLE = YES;
				IPHONEOS_DEPLOYMENT_TARGET = 13.0;
				MTL_ENABLE_DEBUG_INFO = NO;
				SDKROOT = iphoneos;
				SWIFT_OPTIMIZATION_LEVEL = "-Owholemodule";
				VALIDATE_PRODUCT = YES;
			};
			name = Release;
		};
		607FACF01AFB9204008FA782 /* Debug */ = {
			isa = XCBuildConfiguration;
			baseConfigurationReference = 9FBE415EC065FE1A6DE8F7EC /* Pods-PartnerOneSDK_Example.debug.xcconfig */;
			buildSettings = {
				ASSETCATALOG_COMPILER_APPICON_NAME = AppIcon;
				CODE_SIGN_IDENTITY = "Apple Development";
				CODE_SIGN_STYLE = Automatic;
				DEVELOPMENT_TEAM = 93Z4LTM66K;
				FRAMEWORK_SEARCH_PATHS = (
					"$(inherited)",
					"$(LD_RUNPATH_SEARCH_PATHS)",
					"./**",
				);
				INFOPLIST_FILE = PartnerOneSDK/Info.plist;
				IPHONEOS_DEPLOYMENT_TARGET = 12.1;
				LD_RUNPATH_SEARCH_PATHS = "$(inherited) @executable_path/Frameworks";
				MODULE_NAME = ExampleApp;
				PRODUCT_BUNDLE_IDENTIFIER = com.projeto.projetoexemplo;
				PRODUCT_NAME = "$(TARGET_NAME)";
				PROVISIONING_PROFILE_SPECIFIER = "";
				SWIFT_SWIFT3_OBJC_INFERENCE = Default;
				SWIFT_VERSION = 4.0;
				VALIDATE_PRODUCT = YES;
			};
			name = Debug;
		};
		607FACF11AFB9204008FA782 /* Release */ = {
			isa = XCBuildConfiguration;
			baseConfigurationReference = 2C591C163748FE72C703965C /* Pods-PartnerOneSDK_Example.release.xcconfig */;
			buildSettings = {
				ASSETCATALOG_COMPILER_APPICON_NAME = AppIcon;
				CODE_SIGN_IDENTITY = "Apple Development";
				CODE_SIGN_STYLE = Automatic;
				DEVELOPMENT_TEAM = 93Z4LTM66K;
				FRAMEWORK_SEARCH_PATHS = (
					"$(inherited)",
					"${LD_RUNPATH_SEARCH_PATHS}",
					"./**",
				);
				INFOPLIST_FILE = PartnerOneSDK/Info.plist;
				IPHONEOS_DEPLOYMENT_TARGET = 12.1;
				LD_RUNPATH_SEARCH_PATHS = "$(inherited) @executable_path/Frameworks";
				MODULE_NAME = ExampleApp;
				PRODUCT_BUNDLE_IDENTIFIER = com.projeto.projetoexemplo;
				PRODUCT_NAME = "$(TARGET_NAME)";
				PROVISIONING_PROFILE_SPECIFIER = "";
				SWIFT_SWIFT3_OBJC_INFERENCE = Default;
				SWIFT_VERSION = 4.0;
			};
			name = Release;
		};
		607FACF31AFB9204008FA782 /* Debug */ = {
			isa = XCBuildConfiguration;
			baseConfigurationReference = B8CA0CFFCA13431C93D72BD7 /* Pods-PartnerOneSDK_Tests.debug.xcconfig */;
			buildSettings = {
				DEVELOPMENT_TEAM = 93Z4LTM66K;
				FRAMEWORK_SEARCH_PATHS = (
					"$(PLATFORM_DIR)/Developer/Library/Frameworks",
					"$(inherited)",
				);
				GCC_PREPROCESSOR_DEFINITIONS = (
					"DEBUG=1",
					"$(inherited)",
				);
				INFOPLIST_FILE = Tests/Info.plist;
				IPHONEOS_DEPLOYMENT_TARGET = 12.1;
				LD_RUNPATH_SEARCH_PATHS = "$(inherited) @executable_path/Frameworks @loader_path/Frameworks";
				PRODUCT_BUNDLE_IDENTIFIER = br.com.partner1.PartnerOneSDK;
				PRODUCT_NAME = "$(TARGET_NAME)";
				SWIFT_SWIFT3_OBJC_INFERENCE = Default;
				SWIFT_VERSION = 4.0;
				TEST_HOST = "$(BUILT_PRODUCTS_DIR)/PartnerOneSDK_Example.app/PartnerOneSDK_Example";
			};
			name = Debug;
		};
		607FACF41AFB9204008FA782 /* Release */ = {
			isa = XCBuildConfiguration;
			baseConfigurationReference = D3710A2E7570CE9EDF193F40 /* Pods-PartnerOneSDK_Tests.release.xcconfig */;
			buildSettings = {
				DEVELOPMENT_TEAM = 93Z4LTM66K;
				FRAMEWORK_SEARCH_PATHS = (
					"$(PLATFORM_DIR)/Developer/Library/Frameworks",
					"$(inherited)",
				);
				INFOPLIST_FILE = Tests/Info.plist;
				IPHONEOS_DEPLOYMENT_TARGET = 12.1;
				LD_RUNPATH_SEARCH_PATHS = "$(inherited) @executable_path/Frameworks @loader_path/Frameworks";
				PRODUCT_BUNDLE_IDENTIFIER = br.com.partner1.PartnerOneSDK;
				PRODUCT_NAME = "$(TARGET_NAME)";
				SWIFT_SWIFT3_OBJC_INFERENCE = Default;
				SWIFT_VERSION = 4.0;
				TEST_HOST = "$(BUILT_PRODUCTS_DIR)/PartnerOneSDK_Example.app/PartnerOneSDK_Example";
			};
			name = Release;
		};
/* End XCBuildConfiguration section */

/* Begin XCConfigurationList section */
		607FACCB1AFB9204008FA782 /* Build configuration list for PBXProject "PartnerOneSDK" */ = {
			isa = XCConfigurationList;
			buildConfigurations = (
				607FACED1AFB9204008FA782 /* Debug */,
				607FACEE1AFB9204008FA782 /* Release */,
			);
			defaultConfigurationIsVisible = 0;
			defaultConfigurationName = Release;
		};
		607FACEF1AFB9204008FA782 /* Build configuration list for PBXNativeTarget "PartnerOneSDK_Example" */ = {
			isa = XCConfigurationList;
			buildConfigurations = (
				607FACF01AFB9204008FA782 /* Debug */,
				607FACF11AFB9204008FA782 /* Release */,
			);
			defaultConfigurationIsVisible = 0;
			defaultConfigurationName = Release;
		};
		607FACF21AFB9204008FA782 /* Build configuration list for PBXNativeTarget "PartnerOneSDK_Tests" */ = {
			isa = XCConfigurationList;
			buildConfigurations = (
				607FACF31AFB9204008FA782 /* Debug */,
				607FACF41AFB9204008FA782 /* Release */,
			);
			defaultConfigurationIsVisible = 0;
			defaultConfigurationName = Release;
		};
/* End XCConfigurationList section */
	};
	rootObject = 607FACC81AFB9204008FA782 /* Project object */;
}
